{
  "name": "typescript",
  "lockfileVersion": 3,
  "requires": true,
  "packages": {
    "": {
      "dependencies": {
        "@httpstate/typescript": "^0.0.75"
      }
    },
    "node_modules/@httpstate/typescript": {
      "version": "0.0.75",
      "resolved": "https://registry.npmjs.org/@httpstate/typescript/-/typescript-0.0.75.tgz",
      "integrity": "sha512-KnUFlRRO2+b3/pQHKcJjlroLqQxx2t2kmGTtsKWRz34t9sXSEOGGOVmHgO53KwuVrvv1VnfX/a8+SympVGUSIQ==",
      "license": "AGPL-3.0"
    }
  }
}
