{
  "name": "typescript",
  "lockfileVersion": 3,
  "requires": true,
  "packages": {
    "": {
      "dependencies": {
        "@httpstate/typescript": "^0.0.32"
      }
    },
    "node_modules/@httpstate/typescript": {
      "version": "0.0.32",
      "resolved": "https://registry.npmjs.org/@httpstate/typescript/-/typescript-0.0.32.tgz",
      "integrity": "sha512-Lq0Z1YS4gFZYVOcl3t46v+7hoFEY7ha5IRIYmkJYE92lv5gHsf+u58gUMAFhihLNzfo3jTHDLO+MTZz0pZkDXA==",
      "license": "AGPL-3.0"
    }
  }
}
